lockfileVersion: '9.0'

settings:
  autoInstallPeers: true
  excludeLinksFromLockfile: false

importers:

  .:
    dependencies:
      '@hono/node-server':
        specifier: ^1.8.2
        version: 1.14.0(hono@4.7.5)
      dotenv:
        specifier: ^16.3.1
        version: 16.4.7
      hono:
        specifier: ^4.1.3
        version: 4.7.5
      pocketbase:
        specifier: ^0.25.2
        version: 0.25.2

packages:

  '@hono/node-server@1.14.0':
    resolution: {integrity: sha512-YUCxJwgHRKSqjrdTk9e4VMGKN27MK5r4+MGPyZTgKH+IYbK+KtYbHeOcPGJ91KGGD6RIQiz2dAHxvjauNhOS8g==}
    engines: {node: '>=18.14.1'}
    peerDependencies:
      hono: ^4

  dotenv@16.4.7:
    resolution: {integrity: sha512-47qPchRCykZC03FhkYAhrvwU4xDBFIj1QPqaarj6mdM/hgUzfPHcpkHJOn3mJAufFeeAxAzeGsr5X0M4k6fLZQ==}
    engines: {node: '>=12'}

  hono@4.7.5:
    resolution: {integrity: sha512-fDOK5W2C1vZACsgLONigdZTRZxuBqFtcKh7bUQ5cVSbwI2RWjloJDcgFOVzbQrlI6pCmhlTsVYZ7zpLj4m4qMQ==}
    engines: {node: '>=16.9.0'}

  pocketbase@0.25.2:
    resolution: {integrity: sha512-ONZl1+qHJMnhR2uacBlBJ90lm7njtL/zy0606+1ROfK9hSL4LRBRc8r89rMcNRzPzRqCNyoFTh2Qg/lYXdEC1w==}

snapshots:

  '@hono/node-server@1.14.0(hono@4.7.5)':
    dependencies:
      hono: 4.7.5

  dotenv@16.4.7: {}

  hono@4.7.5: {}

  pocketbase@0.25.2: {}
